{
  "name": "my-cypress-project",
  "version": "1.0.0",
  "lockfileVersion": 3,
  "requires": true,
  "packages": {
    "": {
      "name": "my-cypress-project",
      "version": "1.0.0",
      "license": "ISC",
      "dependencies": {
        "cypress-each": "^1.14.1"
      }
    },
    "node_modules/cypress-each": {
      "version": "1.14.1",
      "resolved": "https://registry.npmjs.org/cypress-each/-/cypress-each-1.14.1.tgz",
      "integrity": "sha512-evywTv0Gid5J24C2W6ajYsVoBpoXIkvNo6L5a5+6QabtKOG1pn9Fq4zO/EwrdfktDZ9PWRRWFbJBMoRh3NlrYg==",
      "license": "MIT",
      "dependencies": {
        "format-util": "^1.0.5"
      }
    },
    "node_modules/format-util": {
      "version": "1.0.5",
      "resolved": "https://registry.npmjs.org/format-util/-/format-util-1.0.5.tgz",
      "integrity": "sha512-varLbTj0e0yVyRpqQhuWV+8hlePAgaoFRhNFj50BNjEIrw1/DphHSObtqwskVCPWNgzwPoQrZAbfa/SBiicNeg==",
      "license": "MIT"
    }
  }
}
